// !$*UTF8*$!
{
	archiveVersion = 1;
	classes = {
	};
	objectVersion = 52;
	objects = {

/* Begin PBXBuildFile section */
		8E685BD923FFEAA80090081E /* AppDelegate.swift in Sources */ = {isa = PBXBuildFile; fileRef = 8E685BD823FFEAA80090081E /* AppDelegate.swift */; };
		8E685BDB23FFEAA80090081E /* SceneDelegate.swift in Sources */ = {isa = PBXBuildFile; fileRef = 8E685BDA23FFEAA80090081E /* SceneDelegate.swift */; };
		8E685BDD23FFEAA80090081E /* ViewController.swift in Sources */ = {isa = PBXBuildFile; fileRef = 8E685BDC23FFEAA80090081E /* ViewController.swift */; };
		8E685BE023FFEAA80090081E /* Main.storyboard in Resources */ = {isa = PBXBuildFile; fileRef = 8E685BDE23FFEAA80090081E /* Main.storyboard */; };
		8E685BE223FFEAAA0090081E /* Assets.xcassets in Resources */ = {isa = PBXBuildFile; fileRef = 8E685BE123FFEAAA0090081E /* Assets.xcassets */; };
		8E685BE523FFEAAA0090081E /* LaunchScreen.storyboard in Resources */ = {isa = PBXBuildFile; fileRef = 8E685BE323FFEAAA0090081E /* LaunchScreen.storyboard */; };
		8E685BF023FFEAAA0090081E /* QuickNotWorkingTests.swift in Sources */ = {isa = PBXBuildFile; fileRef = 8E685BEF23FFEAAA0090081E /* QuickNotWorkingTests.swift */; };
		8E685BFC23FFEACC0090081E /* Quick in Frameworks */ = {isa = PBXBuildFile; productRef = 8E685BFB23FFEACC0090081E /* Quick */; };
		8E685BFF23FFEB6D0090081E /* Nimble in Frameworks */ = {isa = PBXBuildFile; productRef = 8E685BFE23FFEB6D0090081E /* Nimble */; };
/* End PBXBuildFile section */

/* Begin PBXContainerItemProxy section */
		8E685BEC23FFEAAA0090081E /* PBXContainerItemProxy */ = {
			isa = PBXContainerItemProxy;
			containerPortal = 8E685BCD23FFEAA80090081E /* Project object */;
			proxyType = 1;
			remoteGlobalIDString = 8E685BD423FFEAA80090081E;
			remoteInfo = QuickNotWorking;
		};
/* End PBXContainerItemProxy section */

/* Begin PBXFileReference section */
		8E685BD523FFEAA80090081E /* QuickNotWorking.app */ = {isa = PBXFileReference; explicitFileType = wrapper.application; includeInIndex = 0; path = QuickNotWorking.app; sourceTree = BUILT_PRODUCTS_DIR; };
		8E685BD823FFEAA80090081E /* AppDelegate.swift */ = {isa = PBXFileReference; lastKnownFileType = sourcecode.swift; path = AppDelegate.swift; sourceTree = "<group>"; };
		8E685BDA23FFEAA80090081E /* SceneDelegate.swift */ = {isa = PBXFileReference; lastKnownFileType = sourcecode.swift; path = SceneDelegate.swift; sourceTree = "<group>"; };
		8E685BDC23FFEAA80090081E /* ViewController.swift */ = {isa = PBXFileReference; lastKnownFileType = sourcecode.swift; path = ViewController.swift; sourceTree = "<group>"; };
		8E685BDF23FFEAA80090081E /* Base */ = {isa = PBXFileReference; lastKnownFileType = file.storyboard; name = Base; path = Base.lproj/Main.storyboard; sourceTree = "<group>"; };
		8E685BE123FFEAAA0090081E /* Assets.xcassets */ = {isa = PBXFileReference; lastKnownFileType = folder.assetcatalog; path = Assets.xcassets; sourceTree = "<group>"; };
		8E685BE423FFEAAA0090081E /* Base */ = {isa = PBXFileReference; lastKnownFileType = file.storyboard; name = Base; path = Base.lproj/LaunchScreen.storyboard; sourceTree = "<group>"; };
		8E685BE623FFEAAA0090081E /* Info.plist */ = {isa = PBXFileReference; lastKnownFileType = text.plist.xml; path = Info.plist; sourceTree = "<group>"; };
		8E685BEB23FFEAAA0090081E /* QuickNotWorkingTests.xctest */ = {isa = PBXFileReference; explicitFileType = wrapper.cfbundle; includeInIndex = 0; path = QuickNotWorkingTests.xctest; sourceTree = BUILT_PRODUCTS_DIR; };
		8E685BEF23FFEAAA0090081E /* QuickNotWorkingTests.swift */ = {isa = PBXFileReference; lastKnownFileType = sourcecode.swift; path = QuickNotWorkingTests.swift; sourceTree = "<group>"; };
		8E685BF123FFEAAA0090081E /* Info.plist */ = {isa = PBXFileReference; lastKnownFileType = text.plist.xml; path = Info.plist; sourceTree = "<group>"; };
/* End PBXFileReference section */

/* Begin PBXFrameworksBuildPhase section */
		8E685BD223FFEAA80090081E /* Frameworks */ = {
			isa = PBXFrameworksBuildPhase;
			buildActionMask = 2147483647;
			files = (
			);
			runOnlyForDeploymentPostprocessing = 0;
		};
		8E685BE823FFEAAA0090081E /* Frameworks */ = {
			isa = PBXFrameworksBuildPhase;
			buildActionMask = 2147483647;
			files = (
				8E685BFC23FFEACC0090081E /* Quick in Frameworks */,
				8E685BFF23FFEB6D0090081E /* Nimble in Frameworks */,
			);
			runOnlyForDeploymentPostprocessing = 0;
		};
/* End PBXFrameworksBuildPhase section */

/* Begin PBXGroup section */
		8E685BCC23FFEAA80090081E = {
			isa = PBXGroup;
			children = (
				8E685BD723FFEAA80090081E /* QuickNotWorking */,
				8E685BEE23FFEAAA0090081E /* QuickNotWorkingTests */,
				8E685BD623FFEAA80090081E /* Products */,
			);
			sourceTree = "<group>";
		};
		8E685BD623FFEAA80090081E /* Products */ = {
			isa = PBXGroup;
			children = (
				8E685BD523FFEAA80090081E /* QuickNotWorking.app */,
				8E685BEB23FFEAAA0090081E /* QuickNotWorkingTests.xctest */,
			);
			name = Products;
			sourceTree = "<group>";
		};
		8E685BD723FFEAA80090081E /* QuickNotWorking */ = {
			isa = PBXGroup;
			children = (
				8E685BD823FFEAA80090081E /* AppDelegate.swift */,
				8E685BDA23FFEAA80090081E /* SceneDelegate.swift */,
				8E685BDC23FFEAA80090081E /* ViewController.swift */,
				8E685BDE23FFEAA80090081E /* Main.storyboard */,
				8E685BE123FFEAAA0090081E /* Assets.xcassets */,
				8E685BE323FFEAAA0090081E /* LaunchScreen.storyboard */,
				8E685BE623FFEAAA0090081E /* Info.plist */,
			);
			path = QuickNotWorking;
			sourceTree = "<group>";
		};
		8E685BEE23FFEAAA0090081E /* QuickNotWorkingTests */ = {
			isa = PBXGroup;
			children = (
				8E685BEF23FFEAAA0090081E /* QuickNotWorkingTests.swift */,
				8E685BF123FFEAAA0090081E /* Info.plist */,
			);
			path = QuickNotWorkingTests;
			sourceTree = "<group>";
		};
/* End PBXGroup section */

/* Begin PBXNativeTarget section */
		8E685BD423FFEAA80090081E /* QuickNotWorking */ = {
			isa = PBXNativeTarget;
			buildConfigurationList = 8E685BF423FFEAAA0090081E /* Build configuration list for PBXNativeTarget "QuickNotWorking" */;
			buildPhases = (
				8E685BD123FFEAA80090081E /* Sources */,
				8E685BD223FFEAA80090081E /* Frameworks */,
				8E685BD323FFEAA80090081E /* Resources */,
			);
			buildRules = (
			);
			dependencies = (
			);
			name = QuickNotWorking;
			productName = QuickNotWorking;
			productReference = 8E685BD523FFEAA80090081E /* QuickNotWorking.app */;
			productType = "com.apple.product-type.application";
		};
		8E685BEA23FFEAAA0090081E /* QuickNotWorkingTests */ = {
			isa = PBXNativeTarget;
			buildConfigurationList = 8E685BF723FFEAAA0090081E /* Build configuration list for PBXNativeTarget "QuickNotWorkingTests" */;
			buildPhases = (
				8E685BE723FFEAAA0090081E /* Sources */,
				8E685BE823FFEAAA0090081E /* Frameworks */,
				8E685BE923FFEAAA0090081E /* Resources */,
			);
			buildRules = (
			);
			dependencies = (
				8E685BED23FFEAAA0090081E /* PBXTargetDependency */,
			);
			name = QuickNotWorkingTests;
			packageProductDependencies = (
				8E685BFB23FFEACC0090081E /* Quick */,
				8E685BFE23FFEB6D0090081E /* Nimble */,
			);
			productName = QuickNotWorkingTests;
			productReference = 8E685BEB23FFEAAA0090081E /* QuickNotWorkingTests.xctest */;
			productType = "com.apple.product-type.bundle.unit-test";
		};
/* End PBXNativeTarget section */

/* Begin PBXProject section */
		8E685BCD23FFEAA80090081E /* Project object */ = {
			isa = PBXProject;
			attributes = {
				LastSwiftUpdateCheck = 1130;
				LastUpgradeCheck = 1130;
				ORGANIZATIONNAME = "Marius Landwehr";
				TargetAttributes = {
					8E685BD423FFEAA80090081E = {
						CreatedOnToolsVersion = 11.3.1;
					};
					8E685BEA23FFEAAA0090081E = {
						CreatedOnToolsVersion = 11.3.1;
						TestTargetID = 8E685BD423FFEAA80090081E;
					};
				};
			};
			buildConfigurationList = 8E685BD023FFEAA80090081E /* Build configuration list for PBXProject "QuickNotWorking" */;
			compatibilityVersion = "Xcode 9.3";
			developmentRegion = en;
			hasScannedForEncodings = 0;
			knownRegions = (
				en,
				Base,
			);
			mainGroup = 8E685BCC23FFEAA80090081E;
			packageReferences = (
				8E685BFA23FFEACC0090081E /* XCRemoteSwiftPackageReference "Quick" */,
				8E685BFD23FFEB6D0090081E /* XCRemoteSwiftPackageReference "Nimble" */,
			);
			productRefGroup = 8E685BD623FFEAA80090081E /* Products */;
			projectDirPath = "";
			projectRoot = "";
			targets = (
				8E685BD423FFEAA80090081E /* QuickNotWorking */,
				8E685BEA23FFEAAA0090081E /* QuickNotWorkingTests */,
			);
		};
/* End PBXProject section */

/* Begin PBXResourcesBuildPhase section */
		8E685BD323FFEAA80090081E /* Resources */ = {
			isa = PBXResourcesBuildPhase;
			buildActionMask = 2147483647;
			files = (
				8E685BE523FFEAAA0090081E /* LaunchScreen.storyboard in Resources */,
				8E685BE223FFEAAA0090081E /* Assets.xcassets in Resources */,
				8E685BE023FFEAA80090081E /* Main.storyboard in Resources */,
			);
			runOnlyForDeploymentPostprocessing = 0;
		};
		8E685BE923FFEAAA0090081E /* Resources */ = {
			isa = PBXResourcesBuildPhase;
			buildActionMask = 2147483647;
			files = (
			);
			runOnlyForDeploymentPostprocessing = 0;
		};
/* End PBXResourcesBuildPhase section */

/* Begin PBXSourcesBuildPhase section */
		8E685BD123FFEAA80090081E /* Sources */ = {
			isa = PBXSourcesBuildPhase;
			buildActionMask = 2147483647;
			files = (
				8E685BDD23FFEAA80090081E /* ViewController.swift in Sources */,
				8E685BD923FFEAA80090081E /* AppDelegate.swift in Sources */,
				8E685BDB23FFEAA80090081E /* SceneDelegate.swift in Sources */,
			);
			runOnlyForDeploymentPostprocessing = 0;
		};
		8E685BE723FFEAAA0090081E /* Sources */ = {
			isa = PBXSourcesBuildPhase;
			buildActionMask = 2147483647;
			files = (
				8E685BF023FFEAAA0090081E /* QuickNotWorkingTests.swift in Sources */,
			);
			runOnlyForDeploymentPostprocessing = 0;
		};
/* End PBXSourcesBuildPhase section */

/* Begin PBXTargetDependency section */
		8E685BED23FFEAAA0090081E /* PBXTargetDependency */ = {
			isa = PBXTargetDependency;
			target = 8E685BD423FFEAA80090081E /* QuickNotWorking */;
			targetProxy = 8E685BEC23FFEAAA0090081E /* PBXContainerItemProxy */;
		};
/* End PBXTargetDependency section */

/* Begin PBXVariantGroup section */
		8E685BDE23FFEAA80090081E /* Main.storyboard */ = {
			isa = PBXVariantGroup;
			children = (
				8E685BDF23FFEAA80090081E /* Base */,
			);
			name = Main.storyboard;
			sourceTree = "<group>";
		};
		8E685BE323FFEAAA0090081E /* LaunchScreen.storyboard */ = {
			isa = PBXVariantGroup;
			children = (
				8E685BE423FFEAAA0090081E /* Base */,
			);
			name = LaunchScreen.storyboard;
			sourceTree = "<group>";
		};
/* End PBXVariantGroup section */

/* Begin XCBuildConfiguration section */
		8E685BF223FFEAAA0090081E /* Debug */ = {
			isa = XCBuildConfiguration;
			buildSettings = {
				ALWAYS_SEARCH_USER_PATHS = NO;
				CLANG_ANALYZER_NONNULL = YES;
				CLANG_ANALYZER_NUMBER_OBJECT_CONVERSION = YES_AGGRESSIVE;
				CLANG_CXX_LANGUAGE_STANDARD = "gnu++14";
				CLANG_CXX_LIBRARY = "libc++";
				CLANG_ENABLE_MODULES = YES;
				CLANG_ENABLE_OBJC_ARC = YES;
				CLANG_ENABLE_OBJC_WEAK = YES;
				CLANG_WARN_BLOCK_CAPTURE_AUTORELEASING = YES;
				CLANG_WARN_BOOL_CONVERSION = YES;
				CLANG_WARN_COMMA = YES;
				CLANG_WARN_CONSTANT_CONVERSION = YES;
				CLANG_WARN_DEPRECATED_OBJC_IMPLEMENTATIONS = YES;
				CLANG_WARN_DIRECT_OBJC_ISA_USAGE = YES_ERROR;
				CLANG_WARN_DOCUMENTATION_COMMENTS = YES;
				CLANG_WARN_EMPTY_BODY = YES;
				CLANG_WARN_ENUM_CONVERSION = YES;
				CLANG_WARN_INFINITE_RECURSION = YES;
				CLANG_WARN_INT_CONVERSION = YES;
				CLANG_WARN_NON_LITERAL_NULL_CONVERSION = YES;
				CLANG_WARN_OBJC_IMPLICIT_RETAIN_SELF = YES;
				CLANG_WARN_OBJC_LITERAL_CONVERSION = YES;
				CLANG_WARN_OBJC_ROOT_CLASS = YES_ERROR;
				CLANG_WARN_RANGE_LOOP_ANALYSIS = YES;
				CLANG_WARN_STRICT_PROTOTYPES = YES;
				CLANG_WARN_SUSPICIOUS_MOVE = YES;
				CLANG_WARN_UNGUARDED_AVAILABILITY = YES_AGGRESSIVE;
				CLANG_WARN_UNREACHABLE_CODE = YES;
				CLANG_WARN__DUPLICATE_METHOD_MATCH = YES;
				COPY_PHASE_STRIP = NO;
				DEBUG_INFORMATION_FORMAT = dwarf;
				ENABLE_STRICT_OBJC_MSGSEND = YES;
				ENABLE_TESTABILITY = YES;
				GCC_C_LANGUAGE_STANDARD = gnu11;
				GCC_DYNAMIC_NO_PIC = NO;
				GCC_NO_COMMON_BLOCKS = YES;
				GCC_OPTIMIZATION_LEVEL = 0;
				GCC_PREPROCESSOR_DEFINITIONS = (
					"DEBUG=1",
					"$(inherited)",
				);
				GCC_WARN_64_TO_32_BIT_CONVERSION = YES;
				GCC_WARN_ABOUT_RETURN_TYPE = YES_ERROR;
				GCC_WARN_UNDECLARED_SELECTOR = YES;
				GCC_WARN_UNINITIALIZED_AUTOS = YES_AGGRESSIVE;
				GCC_WARN_UNUSED_FUNCTION = YES;
				GCC_WARN_UNUSED_VARIABLE = YES;
				IPHONEOS_DEPLOYMENT_TARGET = 13.2;
				MTL_ENABLE_DEBUG_INFO = INCLUDE_SOURCE;
				MTL_FAST_MATH = YES;
				ONLY_ACTIVE_ARCH = YES;
				SDKROOT = iphoneos;
				SWIFT_ACTIVE_COMPILATION_CONDITIONS = DEBUG;
				SWIFT_OPTIMIZATION_LEVEL = "-Onone";
			};
			name = Debug;
		};
		8E685BF323FFEAAA0090081E /* Release */ = {
			isa = XCBuildConfiguration;
			buildSettings = {
				ALWAYS_SEARCH_USER_PATHS = NO;
				CLANG_ANALYZER_NONNULL = YES;
				CLANG_ANALYZER_NUMBER_OBJECT_CONVERSION = YES_AGGRESSIVE;
				CLANG_CXX_LANGUAGE_STANDARD = "gnu++14";
				CLANG_CXX_LIBRARY = "libc++";
				CLANG_ENABLE_MODULES = YES;
				CLANG_ENABLE_OBJC_ARC = YES;
				CLANG_ENABLE_OBJC_WEAK = YES;
				CLANG_WARN_BLOCK_CAPTURE_AUTORELEASING = YES;
				CLANG_WARN_BOOL_CONVERSION = YES;
				CLANG_WARN_COMMA = YES;
				CLANG_WARN_CONSTANT_CONVERSION = YES;
				CLANG_WARN_DEPRECATED_OBJC_IMPLEMENTATIONS = YES;
				CLANG_WARN_DIRECT_OBJC_ISA_USAGE = YES_ERROR;
				CLANG_WARN_DOCUMENTATION_COMMENTS = YES;
				CLANG_WARN_EMPTY_BODY = YES;
				CLANG_WARN_ENUM_CONVERSION = YES;
				CLANG_WARN_INFINITE_RECURSION = YES;
				CLANG_WARN_INT_CONVERSION = YES;
				CLANG_WARN_NON_LITERAL_NULL_CONVERSION = YES;
				CLANG_WARN_OBJC_IMPLICIT_RETAIN_SELF = YES;
				CLANG_WARN_OBJC_LITERAL_CONVERSION = YES;
				CLANG_WARN_OBJC_ROOT_CLASS = YES_ERROR;
				CLANG_WARN_RANGE_LOOP_ANALYSIS = YES;
				CLANG_WARN_STRICT_PROTOTYPES = YES;
				CLANG_WARN_SUSPICIOUS_MOVE = YES;
				CLANG_WARN_UNGUARDED_AVAILABILITY = YES_AGGRESSIVE;
				CLANG_WARN_UNREACHABLE_CODE = YES;
				CLANG_WARN__DUPLICATE_METHOD_MATCH = YES;
				COPY_PHASE_STRIP = NO;
				DEBUG_INFORMATION_FORMAT = "dwarf-with-dsym";
				ENABLE_NS_ASSERTIONS = NO;
				ENABLE_STRICT_OBJC_MSGSEND = YES;
				GCC_C_LANGUAGE_STANDARD = gnu11;
				GCC_NO_COMMON_BLOCKS = YES;
				GCC_WARN_64_TO_32_BIT_CONVERSION = YES;
				GCC_WARN_ABOUT_RETURN_TYPE = YES_ERROR;
				GCC_WARN_UNDECLARED_SELECTOR = YES;
				GCC_WARN_UNINITIALIZED_AUTOS = YES_AGGRESSIVE;
				GCC_WARN_UNUSED_FUNCTION = YES;
				GCC_WARN_UNUSED_VARIABLE = YES;
				IPHONEOS_DEPLOYMENT_TARGET = 13.2;
				MTL_ENABLE_DEBUG_INFO = NO;
				MTL_FAST_MATH = YES;
				SDKROOT = iphoneos;
				SWIFT_COMPILATION_MODE = wholemodule;
				SWIFT_OPTIMIZATION_LEVEL = "-O";
				VALIDATE_PRODUCT = YES;
			};
			name = Release;
		};
		8E685BF523FFEAAA0090081E /* Debug */ = {
			isa = XCBuildConfiguration;
			buildSettings = {
				ASSETCATALOG_COMPILER_APPICON_NAME = AppIcon;
				CODE_SIGN_STYLE = Automatic;
				DEVELOPMENT_TEAM = US9PK3GZYH;
				INFOPLIST_FILE = QuickNotWorking/Info.plist;
				LD_RUNPATH_SEARCH_PATHS = (
					"$(inherited)",
					"@executable_path/Frameworks",
				);
				PRODUCT_BUNDLE_IDENTIFIER = landwehr.marius.QuickNotWorking;
				PRODUCT_NAME = "$(TARGET_NAME)";
				SWIFT_VERSION = 5.0;
				TARGETED_DEVICE_FAMILY = "1,2";
			};
			name = Debug;
		};
		8E685BF623FFEAAA0090081E /* Release */ = {
			isa = XCBuildConfiguration;
			buildSettings = {
				ASSETCATALOG_COMPILER_APPICON_NAME = AppIcon;
				CODE_SIGN_STYLE = Automatic;
				DEVELOPMENT_TEAM = US9PK3GZYH;
				INFOPLIST_FILE = QuickNotWorking/Info.plist;
				LD_RUNPATH_SEARCH_PATHS = (
					"$(inherited)",
					"@executable_path/Frameworks",
				);
				PRODUCT_BUNDLE_IDENTIFIER = landwehr.marius.QuickNotWorking;
				PRODUCT_NAME = "$(TARGET_NAME)";
				SWIFT_VERSION = 5.0;
				TARGETED_DEVICE_FAMILY = "1,2";
			};
			name = Release;
		};
		8E685BF823FFEAAA0090081E /* Debug */ = {
			isa = XCBuildConfiguration;
			buildSettings = {
				ALWAYS_EMBED_SWIFT_STANDARD_LIBRARIES = YES;
				BUNDLE_LOADER = "$(TEST_HOST)";
				CODE_SIGN_STYLE = Automatic;
				DEVELOPMENT_TEAM = US9PK3GZYH;
				INFOPLIST_FILE = QuickNotWorkingTests/Info.plist;
				IPHONEOS_DEPLOYMENT_TARGET = 13.2;
				LD_RUNPATH_SEARCH_PATHS = (
					"$(inherited)",
					"@executable_path/Frameworks",
					"@loader_path/Frameworks",
				);
				PRODUCT_BUNDLE_IDENTIFIER = landwehr.marius.QuickNotWorkingTests;
				PRODUCT_NAME = "$(TARGET_NAME)";
				SWIFT_VERSION = 5.0;
				TARGETED_DEVICE_FAMILY = "1,2";
				TEST_HOST = "$(BUILT_PRODUCTS_DIR)/QuickNotWorking.app/QuickNotWorking";
			};
			name = Debug;
		};
		8E685BF923FFEAAA0090081E /* Release */ = {
			isa = XCBuildConfiguration;
			buildSettings = {
				ALWAYS_EMBED_SWIFT_STANDARD_LIBRARIES = YES;
				BUNDLE_LOADER = "$(TEST_HOST)";
				CODE_SIGN_STYLE = Automatic;
				DEVELOPMENT_TEAM = US9PK3GZYH;
				INFOPLIST_FILE = QuickNotWorkingTests/Info.plist;
				IPHONEOS_DEPLOYMENT_TARGET = 13.2;
				LD_RUNPATH_SEARCH_PATHS = (
					"$(inherited)",
					"@executable_path/Frameworks",
					"@loader_path/Frameworks",
				);
				PRODUCT_BUNDLE_IDENTIFIER = landwehr.marius.QuickNotWorkingTests;
				PRODUCT_NAME = "$(TARGET_NAME)";
				SWIFT_VERSION = 5.0;
				TARGETED_DEVICE_FAMILY = "1,2";
				TEST_HOST = "$(BUILT_PRODUCTS_DIR)/QuickNotWorking.app/QuickNotWorking";
			};
			name = Release;
		};
/* End XCBuildConfiguration section */

/* Begin XCConfigurationList section */
		8E685BD023FFEAA80090081E /* Build configuration list for PBXProject "QuickNotWorking" */ = {
			isa = XCConfigurationList;
			buildConfigurations = (
				8E685BF223FFEAAA0090081E /* Debug */,
				8E685BF323FFEAAA0090081E /* Release */,
			);
			defaultConfigurationIsVisible = 0;
			defaultConfigurationName = Release;
		};
		8E685BF423FFEAAA0090081E /* Build configuration list for PBXNativeTarget "QuickNotWorking" */ = {
			isa = XCConfigurationList;
			buildConfigurations = (
				8E685BF523FFEAAA0090081E /* Debug */,
				8E685BF623FFEAAA0090081E /* Release */,
			);
			defaultConfigurationIsVisible = 0;
			defaultConfigurationName = Release;
		};
		8E685BF723FFEAAA0090081E /* Build configuration list for PBXNativeTarget "QuickNotWorkingTests" */ = {
			isa = XCConfigurationList;
			buildConfigurations = (
				8E685BF823FFEAAA0090081E /* Debug */,
				8E685BF923FFEAAA0090081E /* Release */,
			);
			defaultConfigurationIsVisible = 0;
			defaultConfigurationName = Release;
		};
/* End XCConfigurationList section */

/* Begin XCRemoteSwiftPackageReference section */
		8E685BFA23FFEACC0090081E /* XCRemoteSwiftPackageReference "Quick" */ = {
			isa = XCRemoteSwiftPackageReference;
			repositoryURL = "https://github.com/Quick/Quick";
			requirement = {
				kind = upToNextMajorVersion;
				minimumVersion = 2.2.0;
			};
		};
		8E685BFD23FFEB6D0090081E /* XCRemoteSwiftPackageReference "Nimble" */ = {
			isa = XCRemoteSwiftPackageReference;
			repositoryURL = "https://github.com/Quick/Nimble.git";
			requirement = {
				kind = upToNextMajorVersion;
				minimumVersion = 8.0.5;
			};
		};
/* End XCRemoteSwiftPackageReference section */

/* Begin XCSwiftPackageProductDependency section */
		8E685BFB23FFEACC0090081E /* Quick */ = {
			isa = XCSwiftPackageProductDependency;
			package = 8E685BFA23FFEACC0090081E /* XCRemoteSwiftPackageReference "Quick" */;
			productName = Quick;
		};
		8E685BFE23FFEB6D0090081E /* Nimble */ = {
			isa = XCSwiftPackageProductDependency;
			package = 8E685BFD23FFEB6D0090081E /* XCRemoteSwiftPackageReference "Nimble" */;
			productName = Nimble;
		};
/* End XCSwiftPackageProductDependency section */
	};
	rootObject = 8E685BCD23FFEAA80090081E /* Project object */;
}
